
Microsoft Visual Studio Solution File, Format Version 12.00
# Visual Studio Version 16
VisualStudioVersion = 16.0.31911.196
MinimumVisualStudioVersion = 10.0.40219.1
Project("{FAE04EC0-301F-11D3-BF4B-00C04F79EFBC}") = "ServiceRest_20190140019_Feizal Septya Pradana", "ServiceRest_20190140019_Feizal Septya Pradana\ServiceRest_20190140019_Feizal Septya Pradana.csproj", "{5E820214-68EF-4E2B-995D-9B53998F37CF}"
EndProject
Global
	GlobalSection(SolutionConfigurationPlatforms) = preSolution
		Debug|Any CPU = Debug|Any CPU
		Release|Any CPU = Release|Any CPU
	EndGlobalSection
	GlobalSection(ProjectConfigurationPlatforms) = postSolution
		{5E820214-68EF-4E2B-995D-9B53998F37CF}.Debug|Any CPU.ActiveCfg = Debug|Any CPU
		{5E820214-68EF-4E2B-995D-9B53998F37CF}.Debug|Any CPU.Build.0 = Debug|Any CPU
		{5E820214-68EF-4E2B-995D-9B53998F37CF}.Release|Any CPU.ActiveCfg = Release|Any CPU
		{5E820214-68EF-4E2B-995D-9B53998F37CF}.Release|Any CPU.Build.0 = Release|Any CPU
	EndGlobalSection
	GlobalSection(SolutionProperties) = preSolution
		HideSolutionNode = FALSE
	EndGlobalSection
	GlobalSection(ExtensibilityGlobals) = postSolution
		SolutionGuid = {958CC8BD-7511-4064-8615-C3ACC3923E40}
	EndGlobalSection
EndGlobal
